
Microsoft Visual Studio Solution File, Format Version 12.00
# Visual Studio 14
VisualStudioVersion = 14.0.25420.1
MinimumVisualStudioVersion = 10.0.40219.1
Project("{FAE04EC0-301F-11D3-BF4B-00C04F79EFBC}") = "CatalogApi", "CatatalogApi\CatalogApi.csproj", "{93B1E453-FBDB-4585-AED5-373FD42E6206}"
	ProjectSection(ProjectDependencies) = postProject
		{D49B6BB5-29D6-4F52-ADF7-EEED5EB5E518} = {D49B6BB5-29D6-4F52-ADF7-EEED5EB5E518}
	EndProjectSection
EndProject
Project("{FAE04EC0-301F-11D3-BF4B-00C04F79EFBC}") = "CodeTools4", "CodeTools\CodeTools4.csproj", "{D49B6BB5-29D6-4F52-ADF7-EEED5EB5E518}"
EndProject
Project("{FAE04EC0-301F-11D3-BF4B-00C04F79EFBC}") = "Geckofx-Core", "Geckofx-Core\Geckofx-Core.csproj", "{6AB4EEE6-1889-43AB-83F7-A4F083230BE7}"
EndProject
Project("{FAE04EC0-301F-11D3-BF4B-00C04F79EFBC}") = "Geckofx-Winforms", "Geckofx-Winforms\Geckofx-Winforms.csproj", "{D7ADC901-E1C4-480E-8F6D-B1FFD5CF87E8}"
EndProject
Project("{FAE04EC0-301F-11D3-BF4B-00C04F79EFBC}") = "RequestHandlers", "RequestHandler\RequestHandlers.csproj", "{65D78338-2D4B-4B16-989D-DEFB6D6F6F26}"
EndProject
Project("{FAE04EC0-301F-11D3-BF4B-00C04F79EFBC}") = "Сonfigurator", "Сonfigurator\Сonfigurator.csproj", "{68F4836A-4553-4A84-8538-4702A17B37B0}"
EndProject
Project("{FAE04EC0-301F-11D3-BF4B-00C04F79EFBC}") = "NewLauncher", "NewLauncher\NewLauncher.csproj", "{D5CF4DAD-BC5A-4FCC-9519-DB276D000D39}"
EndProject
Project("{FAE04EC0-301F-11D3-BF4B-00C04F79EFBC}") = "RelayServer", "RelayServer\RelayServer.csproj", "{7F37FF42-25E8-4A63-BD50-89C740EA0C8B}"
EndProject
Project("{FAE04EC0-301F-11D3-BF4B-00C04F79EFBC}") = "RelayService", "RelayService\RelayService.csproj", "{F2A6051C-F365-4B08-BA83-F0989EE6F927}"
EndProject
Project("{FAE04EC0-301F-11D3-BF4B-00C04F79EFBC}") = "ServerHost", "ServerHost\ServerHost.csproj", "{B43BD8DD-EB1B-4C9A-AFBB-B365125854E5}"
	ProjectSection(ProjectDependencies) = postProject
		{65D78338-2D4B-4B16-989D-DEFB6D6F6F26} = {65D78338-2D4B-4B16-989D-DEFB6D6F6F26}
	EndProjectSection
EndProject
Project("{FAE04EC0-301F-11D3-BF4B-00C04F79EFBC}") = "PushNotification", "PushNotification\PushNotification.csproj", "{38B8EC27-E27A-4888-991B-A4CC4B8C4281}"
EndProject
Project("{FAE04EC0-301F-11D3-BF4B-00C04F79EFBC}") = "PushUpdater", "PushUpdater\PushUpdater.csproj", "{2F594333-8316-46F5-BC4D-B6C1144936D4}"
EndProject
Project("{FAE04EC0-301F-11D3-BF4B-00C04F79EFBC}") = "BrowserExtension", "Browser\BrowserExtension.csproj", "{17EA7F82-1D17-407A-BEA0-393D51162997}"
EndProject
Global
	GlobalSection(SolutionConfigurationPlatforms) = preSolution
		Debug_Linux|Any CPU = Debug_Linux|Any CPU
		Debug_Linux|x86 = Debug_Linux|x86
		Debug_Windows|Any CPU = Debug_Windows|Any CPU
		Debug_Windows|x86 = Debug_Windows|x86
		Debug|Any CPU = Debug|Any CPU
		Debug|x86 = Debug|x86
		Release_Linux|Any CPU = Release_Linux|Any CPU
		Release_Linux|x86 = Release_Linux|x86
		Release_Windows|Any CPU = Release_Windows|Any CPU
		Release_Windows|x86 = Release_Windows|x86
		Release|Any CPU = Release|Any CPU
		Release|x86 = Release|x86
	EndGlobalSection
	GlobalSection(ProjectConfigurationPlatforms) = postSolution
		{93B1E453-FBDB-4585-AED5-373FD42E6206}.Debug_Linux|Any CPU.ActiveCfg = Debug|Any CPU
		{93B1E453-FBDB-4585-AED5-373FD42E6206}.Debug_Linux|Any CPU.Build.0 = Debug|Any CPU
		{93B1E453-FBDB-4585-AED5-373FD42E6206}.Debug_Linux|x86.ActiveCfg = Debug|x86
		{93B1E453-FBDB-4585-AED5-373FD42E6206}.Debug_Linux|x86.Build.0 = Debug|x86
		{93B1E453-FBDB-4585-AED5-373FD42E6206}.Debug_Windows|Any CPU.ActiveCfg = Debug|Any CPU
		{93B1E453-FBDB-4585-AED5-373FD42E6206}.Debug_Windows|Any CPU.Build.0 = Debug|Any CPU
		{93B1E453-FBDB-4585-AED5-373FD42E6206}.Debug_Windows|x86.ActiveCfg = Debug|x86
		{93B1E453-FBDB-4585-AED5-373FD42E6206}.Debug_Windows|x86.Build.0 = Debug|x86
		{93B1E453-FBDB-4585-AED5-373FD42E6206}.Debug|Any CPU.ActiveCfg = Debug|Any CPU
		{93B1E453-FBDB-4585-AED5-373FD42E6206}.Debug|Any CPU.Build.0 = Debug|Any CPU
		{93B1E453-FBDB-4585-AED5-373FD42E6206}.Debug|x86.ActiveCfg = Debug|x86
		{93B1E453-FBDB-4585-AED5-373FD42E6206}.Debug|x86.Build.0 = Debug|x86
		{93B1E453-FBDB-4585-AED5-373FD42E6206}.Release_Linux|Any CPU.ActiveCfg = Release|Any CPU
		{93B1E453-FBDB-4585-AED5-373FD42E6206}.Release_Linux|Any CPU.Build.0 = Release|Any CPU
		{93B1E453-FBDB-4585-AED5-373FD42E6206}.Release_Linux|x86.ActiveCfg = Release|x86
		{93B1E453-FBDB-4585-AED5-373FD42E6206}.Release_Linux|x86.Build.0 = Release|x86
		{93B1E453-FBDB-4585-AED5-373FD42E6206}.Release_Windows|Any CPU.ActiveCfg = Release|Any CPU
		{93B1E453-FBDB-4585-AED5-373FD42E6206}.Release_Windows|Any CPU.Build.0 = Release|Any CPU
		{93B1E453-FBDB-4585-AED5-373FD42E6206}.Release_Windows|x86.ActiveCfg = Release|x86
		{93B1E453-FBDB-4585-AED5-373FD42E6206}.Release_Windows|x86.Build.0 = Release|x86
		{93B1E453-FBDB-4585-AED5-373FD42E6206}.Release|Any CPU.ActiveCfg = Release|Any CPU
		{93B1E453-FBDB-4585-AED5-373FD42E6206}.Release|Any CPU.Build.0 = Release|Any CPU
		{93B1E453-FBDB-4585-AED5-373FD42E6206}.Release|x86.ActiveCfg = Release|x86
		{93B1E453-FBDB-4585-AED5-373FD42E6206}.Release|x86.Build.0 = Release|x86
		{D49B6BB5-29D6-4F52-ADF7-EEED5EB5E518}.Debug_Linux|Any CPU.ActiveCfg = Debug|Any CPU
		{D49B6BB5-29D6-4F52-ADF7-EEED5EB5E518}.Debug_Linux|Any CPU.Build.0 = Debug|Any CPU
		{D49B6BB5-29D6-4F52-ADF7-EEED5EB5E518}.Debug_Linux|x86.ActiveCfg = Debug|x86
		{D49B6BB5-29D6-4F52-ADF7-EEED5EB5E518}.Debug_Linux|x86.Build.0 = Debug|x86
		{D49B6BB5-29D6-4F52-ADF7-EEED5EB5E518}.Debug_Windows|Any CPU.ActiveCfg = Debug|Any CPU
		{D49B6BB5-29D6-4F52-ADF7-EEED5EB5E518}.Debug_Windows|Any CPU.Build.0 = Debug|Any CPU
		{D49B6BB5-29D6-4F52-ADF7-EEED5EB5E518}.Debug_Windows|x86.ActiveCfg = Debug|x86
		{D49B6BB5-29D6-4F52-ADF7-EEED5EB5E518}.Debug_Windows|x86.Build.0 = Debug|x86
		{D49B6BB5-29D6-4F52-ADF7-EEED5EB5E518}.Debug|Any CPU.ActiveCfg = Debug|Any CPU
		{D49B6BB5-29D6-4F52-ADF7-EEED5EB5E518}.Debug|Any CPU.Build.0 = Debug|Any CPU
		{D49B6BB5-29D6-4F52-ADF7-EEED5EB5E518}.Debug|x86.ActiveCfg = Debug|x86
		{D49B6BB5-29D6-4F52-ADF7-EEED5EB5E518}.Debug|x86.Build.0 = Debug|x86
		{D49B6BB5-29D6-4F52-ADF7-EEED5EB5E518}.Release_Linux|Any CPU.ActiveCfg = Release|Any CPU
		{D49B6BB5-29D6-4F52-ADF7-EEED5EB5E518}.Release_Linux|Any CPU.Build.0 = Release|Any CPU
		{D49B6BB5-29D6-4F52-ADF7-EEED5EB5E518}.Release_Linux|x86.ActiveCfg = Release|x86
		{D49B6BB5-29D6-4F52-ADF7-EEED5EB5E518}.Release_Linux|x86.Build.0 = Release|x86
		{D49B6BB5-29D6-4F52-ADF7-EEED5EB5E518}.Release_Windows|Any CPU.ActiveCfg = Release|Any CPU
		{D49B6BB5-29D6-4F52-ADF7-EEED5EB5E518}.Release_Windows|Any CPU.Build.0 = Release|Any CPU
		{D49B6BB5-29D6-4F52-ADF7-EEED5EB5E518}.Release_Windows|x86.ActiveCfg = Release|x86
		{D49B6BB5-29D6-4F52-ADF7-EEED5EB5E518}.Release_Windows|x86.Build.0 = Release|x86
		{D49B6BB5-29D6-4F52-ADF7-EEED5EB5E518}.Release|Any CPU.ActiveCfg = Release|Any CPU
		{D49B6BB5-29D6-4F52-ADF7-EEED5EB5E518}.Release|Any CPU.Build.0 = Release|Any CPU
		{D49B6BB5-29D6-4F52-ADF7-EEED5EB5E518}.Release|x86.ActiveCfg = Release|x86
		{D49B6BB5-29D6-4F52-ADF7-EEED5EB5E518}.Release|x86.Build.0 = Release|x86
		{6AB4EEE6-1889-43AB-83F7-A4F083230BE7}.Debug_Linux|Any CPU.ActiveCfg = Debug_Windows|Any CPU
		{6AB4EEE6-1889-43AB-83F7-A4F083230BE7}.Debug_Linux|Any CPU.Build.0 = Debug_Windows|Any CPU
		{6AB4EEE6-1889-43AB-83F7-A4F083230BE7}.Debug_Linux|x86.ActiveCfg = Debug_Linux|x86
		{6AB4EEE6-1889-43AB-83F7-A4F083230BE7}.Debug_Linux|x86.Build.0 = Debug_Linux|x86
		{6AB4EEE6-1889-43AB-83F7-A4F083230BE7}.Debug_Windows|Any CPU.ActiveCfg = Debug_Windows|x86
		{6AB4EEE6-1889-43AB-83F7-A4F083230BE7}.Debug_Windows|Any CPU.Build.0 = Debug_Windows|x86
		{6AB4EEE6-1889-43AB-83F7-A4F083230BE7}.Debug_Windows|x86.ActiveCfg = Debug_Windows|x86
		{6AB4EEE6-1889-43AB-83F7-A4F083230BE7}.Debug_Windows|x86.Build.0 = Debug_Windows|x86
		{6AB4EEE6-1889-43AB-83F7-A4F083230BE7}.Debug|Any CPU.ActiveCfg = Debug_Windows|Any CPU
		{6AB4EEE6-1889-43AB-83F7-A4F083230BE7}.Debug|Any CPU.Build.0 = Debug_Windows|Any CPU
		{6AB4EEE6-1889-43AB-83F7-A4F083230BE7}.Debug|x86.ActiveCfg = Debug_Windows|x86
		{6AB4EEE6-1889-43AB-83F7-A4F083230BE7}.Debug|x86.Build.0 = Debug_Windows|x86
		{6AB4EEE6-1889-43AB-83F7-A4F083230BE7}.Release_Linux|Any CPU.ActiveCfg = Release_Linux|Any CPU
		{6AB4EEE6-1889-43AB-83F7-A4F083230BE7}.Release_Linux|Any CPU.Build.0 = Release_Linux|Any CPU
		{6AB4EEE6-1889-43AB-83F7-A4F083230BE7}.Release_Linux|x86.ActiveCfg = Release_Linux|x86
		{6AB4EEE6-1889-43AB-83F7-A4F083230BE7}.Release_Linux|x86.Build.0 = Release_Linux|x86
		{6AB4EEE6-1889-43AB-83F7-A4F083230BE7}.Release_Windows|Any CPU.ActiveCfg = Release_Windows|Any CPU
		{6AB4EEE6-1889-43AB-83F7-A4F083230BE7}.Release_Windows|Any CPU.Build.0 = Release_Windows|Any CPU
		{6AB4EEE6-1889-43AB-83F7-A4F083230BE7}.Release_Windows|x86.ActiveCfg = Release_Windows|x86
		{6AB4EEE6-1889-43AB-83F7-A4F083230BE7}.Release_Windows|x86.Build.0 = Release_Windows|x86
		{6AB4EEE6-1889-43AB-83F7-A4F083230BE7}.Release|Any CPU.ActiveCfg = Release_Linux|Any CPU
		{6AB4EEE6-1889-43AB-83F7-A4F083230BE7}.Release|Any CPU.Build.0 = Release_Linux|Any CPU
		{6AB4EEE6-1889-43AB-83F7-A4F083230BE7}.Release|x86.ActiveCfg = Release_Linux|x86
		{6AB4EEE6-1889-43AB-83F7-A4F083230BE7}.Release|x86.Build.0 = Release_Linux|x86
		{D7ADC901-E1C4-480E-8F6D-B1FFD5CF87E8}.Debug_Linux|Any CPU.ActiveCfg = Debug|Any CPU
		{D7ADC901-E1C4-480E-8F6D-B1FFD5CF87E8}.Debug_Linux|Any CPU.Build.0 = Debug|Any CPU
		{D7ADC901-E1C4-480E-8F6D-B1FFD5CF87E8}.Debug_Linux|x86.ActiveCfg = Debug_Linux|x86
		{D7ADC901-E1C4-480E-8F6D-B1FFD5CF87E8}.Debug_Linux|x86.Build.0 = Debug_Linux|x86
		{D7ADC901-E1C4-480E-8F6D-B1FFD5CF87E8}.Debug_Windows|Any CPU.ActiveCfg = Debug|x86
		{D7ADC901-E1C4-480E-8F6D-B1FFD5CF87E8}.Debug_Windows|Any CPU.Build.0 = Debug|x86
		{D7ADC901-E1C4-480E-8F6D-B1FFD5CF87E8}.Debug_Windows|x86.ActiveCfg = Debug|x86
		{D7ADC901-E1C4-480E-8F6D-B1FFD5CF87E8}.Debug_Windows|x86.Build.0 = Debug|x86
		{D7ADC901-E1C4-480E-8F6D-B1FFD5CF87E8}.Debug|Any CPU.ActiveCfg = Debug|Any CPU
		{D7ADC901-E1C4-480E-8F6D-B1FFD5CF87E8}.Debug|Any CPU.Build.0 = Debug|Any CPU
		{D7ADC901-E1C4-480E-8F6D-B1FFD5CF87E8}.Debug|x86.ActiveCfg = Debug|x86
		{D7ADC901-E1C4-480E-8F6D-B1FFD5CF87E8}.Debug|x86.Build.0 = Debug|x86
		{D7ADC901-E1C4-480E-8F6D-B1FFD5CF87E8}.Release_Linux|Any CPU.ActiveCfg = Release|Any CPU
		{D7ADC901-E1C4-480E-8F6D-B1FFD5CF87E8}.Release_Linux|Any CPU.Build.0 = Release|Any CPU
		{D7ADC901-E1C4-480E-8F6D-B1FFD5CF87E8}.Release_Linux|x86.ActiveCfg = Release|x86
		{D7ADC901-E1C4-480E-8F6D-B1FFD5CF87E8}.Release_Linux|x86.Build.0 = Release|x86
		{D7ADC901-E1C4-480E-8F6D-B1FFD5CF87E8}.Release_Windows|Any CPU.ActiveCfg = Release|Any CPU
		{D7ADC901-E1C4-480E-8F6D-B1FFD5CF87E8}.Release_Windows|Any CPU.Build.0 = Release|Any CPU
		{D7ADC901-E1C4-480E-8F6D-B1FFD5CF87E8}.Release_Windows|x86.ActiveCfg = Release|x86
		{D7ADC901-E1C4-480E-8F6D-B1FFD5CF87E8}.Release_Windows|x86.Build.0 = Release|x86
		{D7ADC901-E1C4-480E-8F6D-B1FFD5CF87E8}.Release|Any CPU.ActiveCfg = Release|Any CPU
		{D7ADC901-E1C4-480E-8F6D-B1FFD5CF87E8}.Release|Any CPU.Build.0 = Release|Any CPU
		{D7ADC901-E1C4-480E-8F6D-B1FFD5CF87E8}.Release|x86.ActiveCfg = Release|x86
		{D7ADC901-E1C4-480E-8F6D-B1FFD5CF87E8}.Release|x86.Build.0 = Release|x86
		{65D78338-2D4B-4B16-989D-DEFB6D6F6F26}.Debug_Linux|Any CPU.ActiveCfg = Debug|Any CPU
		{65D78338-2D4B-4B16-989D-DEFB6D6F6F26}.Debug_Linux|Any CPU.Build.0 = Debug|Any CPU
		{65D78338-2D4B-4B16-989D-DEFB6D6F6F26}.Debug_Linux|x86.ActiveCfg = Debug|Any CPU
		{65D78338-2D4B-4B16-989D-DEFB6D6F6F26}.Debug_Linux|x86.Build.0 = Debug|Any CPU
		{65D78338-2D4B-4B16-989D-DEFB6D6F6F26}.Debug_Windows|Any CPU.ActiveCfg = Debug|Any CPU
		{65D78338-2D4B-4B16-989D-DEFB6D6F6F26}.Debug_Windows|Any CPU.Build.0 = Debug|Any CPU
		{65D78338-2D4B-4B16-989D-DEFB6D6F6F26}.Debug_Windows|x86.ActiveCfg = Debug|Any CPU
		{65D78338-2D4B-4B16-989D-DEFB6D6F6F26}.Debug_Windows|x86.Build.0 = Debug|Any CPU
		{65D78338-2D4B-4B16-989D-DEFB6D6F6F26}.Debug|Any CPU.ActiveCfg = Debug|Any CPU
		{65D78338-2D4B-4B16-989D-DEFB6D6F6F26}.Debug|Any CPU.Build.0 = Debug|Any CPU
		{65D78338-2D4B-4B16-989D-DEFB6D6F6F26}.Debug|x86.ActiveCfg = Debug|Any CPU
		{65D78338-2D4B-4B16-989D-DEFB6D6F6F26}.Debug|x86.Build.0 = Debug|Any CPU
		{65D78338-2D4B-4B16-989D-DEFB6D6F6F26}.Release_Linux|Any CPU.ActiveCfg = Release|Any CPU
		{65D78338-2D4B-4B16-989D-DEFB6D6F6F26}.Release_Linux|Any CPU.Build.0 = Release|Any CPU
		{65D78338-2D4B-4B16-989D-DEFB6D6F6F26}.Release_Linux|x86.ActiveCfg = Release|Any CPU
		{65D78338-2D4B-4B16-989D-DEFB6D6F6F26}.Release_Linux|x86.Build.0 = Release|Any CPU
		{65D78338-2D4B-4B16-989D-DEFB6D6F6F26}.Release_Windows|Any CPU.ActiveCfg = Release|Any CPU
		{65D78338-2D4B-4B16-989D-DEFB6D6F6F26}.Release_Windows|Any CPU.Build.0 = Release|Any CPU
		{65D78338-2D4B-4B16-989D-DEFB6D6F6F26}.Release_Windows|x86.ActiveCfg = Release|Any CPU
		{65D78338-2D4B-4B16-989D-DEFB6D6F6F26}.Release_Windows|x86.Build.0 = Release|Any CPU
		{65D78338-2D4B-4B16-989D-DEFB6D6F6F26}.Release|Any CPU.ActiveCfg = Release|Any CPU
		{65D78338-2D4B-4B16-989D-DEFB6D6F6F26}.Release|Any CPU.Build.0 = Release|Any CPU
		{65D78338-2D4B-4B16-989D-DEFB6D6F6F26}.Release|x86.ActiveCfg = Release|Any CPU
		{65D78338-2D4B-4B16-989D-DEFB6D6F6F26}.Release|x86.Build.0 = Release|Any CPU
		{68F4836A-4553-4A84-8538-4702A17B37B0}.Debug_Linux|Any CPU.ActiveCfg = Debug|Any CPU
		{68F4836A-4553-4A84-8538-4702A17B37B0}.Debug_Linux|Any CPU.Build.0 = Debug|Any CPU
		{68F4836A-4553-4A84-8538-4702A17B37B0}.Debug_Linux|x86.ActiveCfg = Debug|Any CPU
		{68F4836A-4553-4A84-8538-4702A17B37B0}.Debug_Linux|x86.Build.0 = Debug|Any CPU
		{68F4836A-4553-4A84-8538-4702A17B37B0}.Debug_Windows|Any CPU.ActiveCfg = Debug|Any CPU
		{68F4836A-4553-4A84-8538-4702A17B37B0}.Debug_Windows|Any CPU.Build.0 = Debug|Any CPU
		{68F4836A-4553-4A84-8538-4702A17B37B0}.Debug_Windows|x86.ActiveCfg = Debug|Any CPU
		{68F4836A-4553-4A84-8538-4702A17B37B0}.Debug_Windows|x86.Build.0 = Debug|Any CPU
		{68F4836A-4553-4A84-8538-4702A17B37B0}.Debug|Any CPU.ActiveCfg = Debug|Any CPU
		{68F4836A-4553-4A84-8538-4702A17B37B0}.Debug|Any CPU.Build.0 = Debug|Any CPU
		{68F4836A-4553-4A84-8538-4702A17B37B0}.Debug|x86.ActiveCfg = Debug|Any CPU
		{68F4836A-4553-4A84-8538-4702A17B37B0}.Debug|x86.Build.0 = Debug|Any CPU
		{68F4836A-4553-4A84-8538-4702A17B37B0}.Release_Linux|Any CPU.ActiveCfg = Release|Any CPU
		{68F4836A-4553-4A84-8538-4702A17B37B0}.Release_Linux|Any CPU.Build.0 = Release|Any CPU
		{68F4836A-4553-4A84-8538-4702A17B37B0}.Release_Linux|x86.ActiveCfg = Release|Any CPU
		{68F4836A-4553-4A84-8538-4702A17B37B0}.Release_Linux|x86.Build.0 = Release|Any CPU
		{68F4836A-4553-4A84-8538-4702A17B37B0}.Release_Windows|Any CPU.ActiveCfg = Release|Any CPU
		{68F4836A-4553-4A84-8538-4702A17B37B0}.Release_Windows|Any CPU.Build.0 = Release|Any CPU
		{68F4836A-4553-4A84-8538-4702A17B37B0}.Release_Windows|x86.ActiveCfg = Release|Any CPU
		{68F4836A-4553-4A84-8538-4702A17B37B0}.Release_Windows|x86.Build.0 = Release|Any CPU
		{68F4836A-4553-4A84-8538-4702A17B37B0}.Release|Any CPU.ActiveCfg = Release|Any CPU
		{68F4836A-4553-4A84-8538-4702A17B37B0}.Release|Any CPU.Build.0 = Release|Any CPU
		{68F4836A-4553-4A84-8538-4702A17B37B0}.Release|x86.ActiveCfg = Release|Any CPU
		{68F4836A-4553-4A84-8538-4702A17B37B0}.Release|x86.Build.0 = Release|Any CPU
		{D5CF4DAD-BC5A-4FCC-9519-DB276D000D39}.Debug_Linux|Any CPU.ActiveCfg = Debug|Any CPU
		{D5CF4DAD-BC5A-4FCC-9519-DB276D000D39}.Debug_Linux|Any CPU.Build.0 = Debug|Any CPU
		{D5CF4DAD-BC5A-4FCC-9519-DB276D000D39}.Debug_Linux|x86.ActiveCfg = Debug|x86
		{D5CF4DAD-BC5A-4FCC-9519-DB276D000D39}.Debug_Linux|x86.Build.0 = Debug|x86
		{D5CF4DAD-BC5A-4FCC-9519-DB276D000D39}.Debug_Windows|Any CPU.ActiveCfg = Debug|Any CPU
		{D5CF4DAD-BC5A-4FCC-9519-DB276D000D39}.Debug_Windows|Any CPU.Build.0 = Debug|Any CPU
		{D5CF4DAD-BC5A-4FCC-9519-DB276D000D39}.Debug_Windows|x86.ActiveCfg = Debug|x86
		{D5CF4DAD-BC5A-4FCC-9519-DB276D000D39}.Debug_Windows|x86.Build.0 = Debug|x86
		{D5CF4DAD-BC5A-4FCC-9519-DB276D000D39}.Debug|Any CPU.ActiveCfg = Debug|Any CPU
		{D5CF4DAD-BC5A-4FCC-9519-DB276D000D39}.Debug|Any CPU.Build.0 = Debug|Any CPU
		{D5CF4DAD-BC5A-4FCC-9519-DB276D000D39}.Debug|x86.ActiveCfg = Debug|x86
		{D5CF4DAD-BC5A-4FCC-9519-DB276D000D39}.Debug|x86.Build.0 = Debug|x86
		{D5CF4DAD-BC5A-4FCC-9519-DB276D000D39}.Release_Linux|Any CPU.ActiveCfg = Release|Any CPU
		{D5CF4DAD-BC5A-4FCC-9519-DB276D000D39}.Release_Linux|Any CPU.Build.0 = Release|Any CPU
		{D5CF4DAD-BC5A-4FCC-9519-DB276D000D39}.Release_Linux|x86.ActiveCfg = Release|x86
		{D5CF4DAD-BC5A-4FCC-9519-DB276D000D39}.Release_Linux|x86.Build.0 = Release|x86
		{D5CF4DAD-BC5A-4FCC-9519-DB276D000D39}.Release_Windows|Any CPU.ActiveCfg = Release|Any CPU
		{D5CF4DAD-BC5A-4FCC-9519-DB276D000D39}.Release_Windows|Any CPU.Build.0 = Release|Any CPU
		{D5CF4DAD-BC5A-4FCC-9519-DB276D000D39}.Release_Windows|x86.ActiveCfg = Release|x86
		{D5CF4DAD-BC5A-4FCC-9519-DB276D000D39}.Release_Windows|x86.Build.0 = Release|x86
		{D5CF4DAD-BC5A-4FCC-9519-DB276D000D39}.Release|Any CPU.ActiveCfg = Release|Any CPU
		{D5CF4DAD-BC5A-4FCC-9519-DB276D000D39}.Release|Any CPU.Build.0 = Release|Any CPU
		{D5CF4DAD-BC5A-4FCC-9519-DB276D000D39}.Release|x86.ActiveCfg = Release|x86
		{D5CF4DAD-BC5A-4FCC-9519-DB276D000D39}.Release|x86.Build.0 = Release|x86
		{7F37FF42-25E8-4A63-BD50-89C740EA0C8B}.Debug_Linux|Any CPU.ActiveCfg = Debug|Any CPU
		{7F37FF42-25E8-4A63-BD50-89C740EA0C8B}.Debug_Linux|Any CPU.Build.0 = Debug|Any CPU
		{7F37FF42-25E8-4A63-BD50-89C740EA0C8B}.Debug_Linux|x86.ActiveCfg = Debug|Any CPU
		{7F37FF42-25E8-4A63-BD50-89C740EA0C8B}.Debug_Linux|x86.Build.0 = Debug|Any CPU
		{7F37FF42-25E8-4A63-BD50-89C740EA0C8B}.Debug_Windows|Any CPU.ActiveCfg = Debug|Any CPU
		{7F37FF42-25E8-4A63-BD50-89C740EA0C8B}.Debug_Windows|Any CPU.Build.0 = Debug|Any CPU
		{7F37FF42-25E8-4A63-BD50-89C740EA0C8B}.Debug_Windows|x86.ActiveCfg = Debug|Any CPU
		{7F37FF42-25E8-4A63-BD50-89C740EA0C8B}.Debug_Windows|x86.Build.0 = Debug|Any CPU
		{7F37FF42-25E8-4A63-BD50-89C740EA0C8B}.Debug|Any CPU.ActiveCfg = Debug|Any CPU
		{7F37FF42-25E8-4A63-BD50-89C740EA0C8B}.Debug|Any CPU.Build.0 = Debug|Any CPU
		{7F37FF42-25E8-4A63-BD50-89C740EA0C8B}.Debug|x86.ActiveCfg = Debug|Any CPU
		{7F37FF42-25E8-4A63-BD50-89C740EA0C8B}.Debug|x86.Build.0 = Debug|Any CPU
		{7F37FF42-25E8-4A63-BD50-89C740EA0C8B}.Release_Linux|Any CPU.ActiveCfg = Release|Any CPU
		{7F37FF42-25E8-4A63-BD50-89C740EA0C8B}.Release_Linux|Any CPU.Build.0 = Release|Any CPU
		{7F37FF42-25E8-4A63-BD50-89C740EA0C8B}.Release_Linux|x86.ActiveCfg = Release|Any CPU
		{7F37FF42-25E8-4A63-BD50-89C740EA0C8B}.Release_Linux|x86.Build.0 = Release|Any CPU
		{7F37FF42-25E8-4A63-BD50-89C740EA0C8B}.Release_Windows|Any CPU.ActiveCfg = Release|Any CPU
		{7F37FF42-25E8-4A63-BD50-89C740EA0C8B}.Release_Windows|Any CPU.Build.0 = Release|Any CPU
		{7F37FF42-25E8-4A63-BD50-89C740EA0C8B}.Release_Windows|x86.ActiveCfg = Release|Any CPU
		{7F37FF42-25E8-4A63-BD50-89C740EA0C8B}.Release_Windows|x86.Build.0 = Release|Any CPU
		{7F37FF42-25E8-4A63-BD50-89C740EA0C8B}.Release|Any CPU.ActiveCfg = Release|Any CPU
		{7F37FF42-25E8-4A63-BD50-89C740EA0C8B}.Release|Any CPU.Build.0 = Release|Any CPU
		{7F37FF42-25E8-4A63-BD50-89C740EA0C8B}.Release|x86.ActiveCfg = Release|Any CPU
		{7F37FF42-25E8-4A63-BD50-89C740EA0C8B}.Release|x86.Build.0 = Release|Any CPU
		{F2A6051C-F365-4B08-BA83-F0989EE6F927}.Debug_Linux|Any CPU.ActiveCfg = Debug|Any CPU
		{F2A6051C-F365-4B08-BA83-F0989EE6F927}.Debug_Linux|Any CPU.Build.0 = Debug|Any CPU
		{F2A6051C-F365-4B08-BA83-F0989EE6F927}.Debug_Linux|x86.ActiveCfg = Debug|Any CPU
		{F2A6051C-F365-4B08-BA83-F0989EE6F927}.Debug_Linux|x86.Build.0 = Debug|Any CPU
		{F2A6051C-F365-4B08-BA83-F0989EE6F927}.Debug_Windows|Any CPU.ActiveCfg = Debug|Any CPU
		{F2A6051C-F365-4B08-BA83-F0989EE6F927}.Debug_Windows|Any CPU.Build.0 = Debug|Any CPU
		{F2A6051C-F365-4B08-BA83-F0989EE6F927}.Debug_Windows|x86.ActiveCfg = Debug|Any CPU
		{F2A6051C-F365-4B08-BA83-F0989EE6F927}.Debug_Windows|x86.Build.0 = Debug|Any CPU
		{F2A6051C-F365-4B08-BA83-F0989EE6F927}.Debug|Any CPU.ActiveCfg = Debug|Any CPU
		{F2A6051C-F365-4B08-BA83-F0989EE6F927}.Debug|Any CPU.Build.0 = Debug|Any CPU
		{F2A6051C-F365-4B08-BA83-F0989EE6F927}.Debug|x86.ActiveCfg = Debug|Any CPU
		{F2A6051C-F365-4B08-BA83-F0989EE6F927}.Debug|x86.Build.0 = Debug|Any CPU
		{F2A6051C-F365-4B08-BA83-F0989EE6F927}.Release_Linux|Any CPU.ActiveCfg = Release|Any CPU
		{F2A6051C-F365-4B08-BA83-F0989EE6F927}.Release_Linux|Any CPU.Build.0 = Release|Any CPU
		{F2A6051C-F365-4B08-BA83-F0989EE6F927}.Release_Linux|x86.ActiveCfg = Release|Any CPU
		{F2A6051C-F365-4B08-BA83-F0989EE6F927}.Release_Linux|x86.Build.0 = Release|Any CPU
		{F2A6051C-F365-4B08-BA83-F0989EE6F927}.Release_Windows|Any CPU.ActiveCfg = Release|Any CPU
		{F2A6051C-F365-4B08-BA83-F0989EE6F927}.Release_Windows|Any CPU.Build.0 = Release|Any CPU
		{F2A6051C-F365-4B08-BA83-F0989EE6F927}.Release_Windows|x86.ActiveCfg = Release|Any CPU
		{F2A6051C-F365-4B08-BA83-F0989EE6F927}.Release_Windows|x86.Build.0 = Release|Any CPU
		{F2A6051C-F365-4B08-BA83-F0989EE6F927}.Release|Any CPU.ActiveCfg = Release|Any CPU
		{F2A6051C-F365-4B08-BA83-F0989EE6F927}.Release|Any CPU.Build.0 = Release|Any CPU
		{F2A6051C-F365-4B08-BA83-F0989EE6F927}.Release|x86.ActiveCfg = Release|Any CPU
		{F2A6051C-F365-4B08-BA83-F0989EE6F927}.Release|x86.Build.0 = Release|Any CPU
		{B43BD8DD-EB1B-4C9A-AFBB-B365125854E5}.Debug_Linux|Any CPU.ActiveCfg = Release|x86
		{B43BD8DD-EB1B-4C9A-AFBB-B365125854E5}.Debug_Linux|Any CPU.Build.0 = Release|x86
		{B43BD8DD-EB1B-4C9A-AFBB-B365125854E5}.Debug_Linux|x86.ActiveCfg = Debug|x86
		{B43BD8DD-EB1B-4C9A-AFBB-B365125854E5}.Debug_Linux|x86.Build.0 = Debug|x86
		{B43BD8DD-EB1B-4C9A-AFBB-B365125854E5}.Debug_Windows|Any CPU.ActiveCfg = Release|x86
		{B43BD8DD-EB1B-4C9A-AFBB-B365125854E5}.Debug_Windows|Any CPU.Build.0 = Release|x86
		{B43BD8DD-EB1B-4C9A-AFBB-B365125854E5}.Debug_Windows|x86.ActiveCfg = Debug|x86
		{B43BD8DD-EB1B-4C9A-AFBB-B365125854E5}.Debug_Windows|x86.Build.0 = Debug|x86
		{B43BD8DD-EB1B-4C9A-AFBB-B365125854E5}.Debug|Any CPU.ActiveCfg = Debug|x86
		{B43BD8DD-EB1B-4C9A-AFBB-B365125854E5}.Debug|x86.ActiveCfg = Debug|x86
		{B43BD8DD-EB1B-4C9A-AFBB-B365125854E5}.Debug|x86.Build.0 = Debug|x86
		{B43BD8DD-EB1B-4C9A-AFBB-B365125854E5}.Release_Linux|Any CPU.ActiveCfg = Release|x86
		{B43BD8DD-EB1B-4C9A-AFBB-B365125854E5}.Release_Linux|Any CPU.Build.0 = Release|x86
		{B43BD8DD-EB1B-4C9A-AFBB-B365125854E5}.Release_Linux|x86.ActiveCfg = Release|x86
		{B43BD8DD-EB1B-4C9A-AFBB-B365125854E5}.Release_Linux|x86.Build.0 = Release|x86
		{B43BD8DD-EB1B-4C9A-AFBB-B365125854E5}.Release_Windows|Any CPU.ActiveCfg = Release|x86
		{B43BD8DD-EB1B-4C9A-AFBB-B365125854E5}.Release_Windows|Any CPU.Build.0 = Release|x86
		{B43BD8DD-EB1B-4C9A-AFBB-B365125854E5}.Release_Windows|x86.ActiveCfg = Release|x86
		{B43BD8DD-EB1B-4C9A-AFBB-B365125854E5}.Release_Windows|x86.Build.0 = Release|x86
		{B43BD8DD-EB1B-4C9A-AFBB-B365125854E5}.Release|Any CPU.ActiveCfg = Release|x86
		{B43BD8DD-EB1B-4C9A-AFBB-B365125854E5}.Release|x86.ActiveCfg = Release|x86
		{B43BD8DD-EB1B-4C9A-AFBB-B365125854E5}.Release|x86.Build.0 = Release|x86
		{38B8EC27-E27A-4888-991B-A4CC4B8C4281}.Debug_Linux|Any CPU.ActiveCfg = Debug|Any CPU
		{38B8EC27-E27A-4888-991B-A4CC4B8C4281}.Debug_Linux|Any CPU.Build.0 = Debug|Any CPU
		{38B8EC27-E27A-4888-991B-A4CC4B8C4281}.Debug_Linux|x86.ActiveCfg = Debug|Any CPU
		{38B8EC27-E27A-4888-991B-A4CC4B8C4281}.Debug_Linux|x86.Build.0 = Debug|Any CPU
		{38B8EC27-E27A-4888-991B-A4CC4B8C4281}.Debug_Windows|Any CPU.ActiveCfg = Debug|Any CPU
		{38B8EC27-E27A-4888-991B-A4CC4B8C4281}.Debug_Windows|Any CPU.Build.0 = Debug|Any CPU
		{38B8EC27-E27A-4888-991B-A4CC4B8C4281}.Debug_Windows|x86.ActiveCfg = Debug|x86
		{38B8EC27-E27A-4888-991B-A4CC4B8C4281}.Debug_Windows|x86.Build.0 = Debug|x86
		{38B8EC27-E27A-4888-991B-A4CC4B8C4281}.Debug|Any CPU.ActiveCfg = Debug|Any CPU
		{38B8EC27-E27A-4888-991B-A4CC4B8C4281}.Debug|Any CPU.Build.0 = Debug|Any CPU
		{38B8EC27-E27A-4888-991B-A4CC4B8C4281}.Debug|x86.ActiveCfg = Debug|Any CPU
		{38B8EC27-E27A-4888-991B-A4CC4B8C4281}.Debug|x86.Build.0 = Debug|Any CPU
		{38B8EC27-E27A-4888-991B-A4CC4B8C4281}.Release_Linux|Any CPU.ActiveCfg = Release|Any CPU
		{38B8EC27-E27A-4888-991B-A4CC4B8C4281}.Release_Linux|Any CPU.Build.0 = Release|Any CPU
		{38B8EC27-E27A-4888-991B-A4CC4B8C4281}.Release_Linux|x86.ActiveCfg = Release|Any CPU
		{38B8EC27-E27A-4888-991B-A4CC4B8C4281}.Release_Linux|x86.Build.0 = Release|Any CPU
		{38B8EC27-E27A-4888-991B-A4CC4B8C4281}.Release_Windows|Any CPU.ActiveCfg = Release|Any CPU
		{38B8EC27-E27A-4888-991B-A4CC4B8C4281}.Release_Windows|Any CPU.Build.0 = Release|Any CPU
		{38B8EC27-E27A-4888-991B-A4CC4B8C4281}.Release_Windows|x86.ActiveCfg = Release|Any CPU
		{38B8EC27-E27A-4888-991B-A4CC4B8C4281}.Release_Windows|x86.Build.0 = Release|Any CPU
		{38B8EC27-E27A-4888-991B-A4CC4B8C4281}.Release|Any CPU.ActiveCfg = Release|Any CPU
		{38B8EC27-E27A-4888-991B-A4CC4B8C4281}.Release|Any CPU.Build.0 = Release|Any CPU
		{38B8EC27-E27A-4888-991B-A4CC4B8C4281}.Release|x86.ActiveCfg = Release|Any CPU
		{38B8EC27-E27A-4888-991B-A4CC4B8C4281}.Release|x86.Build.0 = Release|Any CPU
		{2F594333-8316-46F5-BC4D-B6C1144936D4}.Debug_Linux|Any CPU.ActiveCfg = Debug|Any CPU
		{2F594333-8316-46F5-BC4D-B6C1144936D4}.Debug_Linux|Any CPU.Build.0 = Debug|Any CPU
		{2F594333-8316-46F5-BC4D-B6C1144936D4}.Debug_Linux|x86.ActiveCfg = Debug|x86
		{2F594333-8316-46F5-BC4D-B6C1144936D4}.Debug_Linux|x86.Build.0 = Debug|x86
		{2F594333-8316-46F5-BC4D-B6C1144936D4}.Debug_Windows|Any CPU.ActiveCfg = Debug|Any CPU
		{2F594333-8316-46F5-BC4D-B6C1144936D4}.Debug_Windows|Any CPU.Build.0 = Debug|Any CPU
		{2F594333-8316-46F5-BC4D-B6C1144936D4}.Debug_Windows|x86.ActiveCfg = Debug|x86
		{2F594333-8316-46F5-BC4D-B6C1144936D4}.Debug_Windows|x86.Build.0 = Debug|x86
		{2F594333-8316-46F5-BC4D-B6C1144936D4}.Debug|Any CPU.ActiveCfg = Debug|Any CPU
		{2F594333-8316-46F5-BC4D-B6C1144936D4}.Debug|Any CPU.Build.0 = Debug|Any CPU
		{2F594333-8316-46F5-BC4D-B6C1144936D4}.Debug|x86.ActiveCfg = Debug|x86
		{2F594333-8316-46F5-BC4D-B6C1144936D4}.Debug|x86.Build.0 = Debug|x86
		{2F594333-8316-46F5-BC4D-B6C1144936D4}.Release_Linux|Any CPU.ActiveCfg = Release|Any CPU
		{2F594333-8316-46F5-BC4D-B6C1144936D4}.Release_Linux|Any CPU.Build.0 = Release|Any CPU
		{2F594333-8316-46F5-BC4D-B6C1144936D4}.Release_Linux|x86.ActiveCfg = Release|x86
		{2F594333-8316-46F5-BC4D-B6C1144936D4}.Release_Linux|x86.Build.0 = Release|x86
		{2F594333-8316-46F5-BC4D-B6C1144936D4}.Release_Windows|Any CPU.ActiveCfg = Release|Any CPU
		{2F594333-8316-46F5-BC4D-B6C1144936D4}.Release_Windows|Any CPU.Build.0 = Release|Any CPU
		{2F594333-8316-46F5-BC4D-B6C1144936D4}.Release_Windows|x86.ActiveCfg = Release|x86
		{2F594333-8316-46F5-BC4D-B6C1144936D4}.Release_Windows|x86.Build.0 = Release|x86
		{2F594333-8316-46F5-BC4D-B6C1144936D4}.Release|Any CPU.ActiveCfg = Release|Any CPU
		{2F594333-8316-46F5-BC4D-B6C1144936D4}.Release|Any CPU.Build.0 = Release|Any CPU
		{2F594333-8316-46F5-BC4D-B6C1144936D4}.Release|x86.ActiveCfg = Release|x86
		{2F594333-8316-46F5-BC4D-B6C1144936D4}.Release|x86.Build.0 = Release|x86
		{17EA7F82-1D17-407A-BEA0-393D51162997}.Debug_Linux|Any CPU.ActiveCfg = Debug|Any CPU
		{17EA7F82-1D17-407A-BEA0-393D51162997}.Debug_Linux|Any CPU.Build.0 = Debug|Any CPU
		{17EA7F82-1D17-407A-BEA0-393D51162997}.Debug_Linux|x86.ActiveCfg = Debug|Any CPU
		{17EA7F82-1D17-407A-BEA0-393D51162997}.Debug_Linux|x86.Build.0 = Debug|Any CPU
		{17EA7F82-1D17-407A-BEA0-393D51162997}.Debug_Windows|Any CPU.ActiveCfg = Debug|Any CPU
		{17EA7F82-1D17-407A-BEA0-393D51162997}.Debug_Windows|Any CPU.Build.0 = Debug|Any CPU
		{17EA7F82-1D17-407A-BEA0-393D51162997}.Debug_Windows|x86.ActiveCfg = Debug|x86
		{17EA7F82-1D17-407A-BEA0-393D51162997}.Debug_Windows|x86.Build.0 = Debug|x86
		{17EA7F82-1D17-407A-BEA0-393D51162997}.Debug|Any CPU.ActiveCfg = Debug|Any CPU
		{17EA7F82-1D17-407A-BEA0-393D51162997}.Debug|Any CPU.Build.0 = Debug|Any CPU
		{17EA7F82-1D17-407A-BEA0-393D51162997}.Debug|x86.ActiveCfg = Debug|Any CPU
		{17EA7F82-1D17-407A-BEA0-393D51162997}.Debug|x86.Build.0 = Debug|Any CPU
		{17EA7F82-1D17-407A-BEA0-393D51162997}.Release_Linux|Any CPU.ActiveCfg = Release|Any CPU
		{17EA7F82-1D17-407A-BEA0-393D51162997}.Release_Linux|Any CPU.Build.0 = Release|Any CPU
		{17EA7F82-1D17-407A-BEA0-393D51162997}.Release_Linux|x86.ActiveCfg = Release|Any CPU
		{17EA7F82-1D17-407A-BEA0-393D51162997}.Release_Linux|x86.Build.0 = Release|Any CPU
		{17EA7F82-1D17-407A-BEA0-393D51162997}.Release_Windows|Any CPU.ActiveCfg = Release|Any CPU
		{17EA7F82-1D17-407A-BEA0-393D51162997}.Release_Windows|Any CPU.Build.0 = Release|Any CPU
		{17EA7F82-1D17-407A-BEA0-393D51162997}.Release_Windows|x86.ActiveCfg = Release|Any CPU
		{17EA7F82-1D17-407A-BEA0-393D51162997}.Release_Windows|x86.Build.0 = Release|Any CPU
		{17EA7F82-1D17-407A-BEA0-393D51162997}.Release|Any CPU.ActiveCfg = Release|Any CPU
		{17EA7F82-1D17-407A-BEA0-393D51162997}.Release|Any CPU.Build.0 = Release|Any CPU
		{17EA7F82-1D17-407A-BEA0-393D51162997}.Release|x86.ActiveCfg = Release|Any CPU
		{17EA7F82-1D17-407A-BEA0-393D51162997}.Release|x86.Build.0 = Release|Any CPU
	EndGlobalSection
	GlobalSection(SolutionProperties) = preSolution
		HideSolutionNode = FALSE
	EndGlobalSection
EndGlobal
